
Microsoft Visual Studio Solution File, Format Version 12.00
# Visual Studio Version 17
VisualStudioVersion = 17.5.002.0
MinimumVisualStudioVersion = 10.0.40219.1
Project("{2150E333-8FDC-42A3-9474-1A3956D46DE8}") = "server", "server", "{79A0DEC5-DAC7-41E6-9F5B-6F3E7D1BE486}"
EndProject
Project("{9A19103F-16F7-4668-BE54-9A1E7A4F7556}") = "server", "server\server\server.csproj", "{634F379A-AFB8-4FCC-83EC-5DD964B07D36}"
EndProject
Global
	GlobalSection(SolutionConfigurationPlatforms) = preSolution
		Debug|Any CPU = Debug|Any CPU
		Release|Any CPU = Release|Any CPU
	EndGlobalSection
	GlobalSection(ProjectConfigurationPlatforms) = postSolution
		{634F379A-AFB8-4FCC-83EC-5DD964B07D36}.Debug|Any CPU.ActiveCfg = Debug|Any CPU
		{634F379A-AFB8-4FCC-83EC-5DD964B07D36}.Debug|Any CPU.Build.0 = Debug|Any CPU
		{634F379A-AFB8-4FCC-83EC-5DD964B07D36}.Release|Any CPU.ActiveCfg = Release|Any CPU
		{634F379A-AFB8-4FCC-83EC-5DD964B07D36}.Release|Any CPU.Build.0 = Release|Any CPU
	EndGlobalSection
	GlobalSection(SolutionProperties) = preSolution
		HideSolutionNode = FALSE
	EndGlobalSection
	GlobalSection(NestedProjects) = preSolution
		{634F379A-AFB8-4FCC-83EC-5DD964B07D36} = {79A0DEC5-DAC7-41E6-9F5B-6F3E7D1BE486}
	EndGlobalSection
	GlobalSection(ExtensibilityGlobals) = postSolution
		SolutionGuid = {7D4AB3D3-8286-473B-8E0B-F2C5BA6E9D09}
	EndGlobalSection
EndGlobal
